// !$*UTF8*$!
{
	archiveVersion = 1;
	classes = {
	};
	objectVersion = 48;
	objects = {

/* Begin PBXBuildFile section */
		4C2C3AD61FBA1CBD00DD02AF /* AppDelegate.swift in Sources */ = {isa = PBXBuildFile; fileRef = 4C2C3AD51FBA1CBD00DD02AF /* AppDelegate.swift */; };
		4C2C3ADB1FBA1CBD00DD02AF /* Main.storyboard in Resources */ = {isa = PBXBuildFile; fileRef = 4C2C3AD91FBA1CBD00DD02AF /* Main.storyboard */; };
		4C2C3ADD1FBA1CBD00DD02AF /* Assets.xcassets in Resources */ = {isa = PBXBuildFile; fileRef = 4C2C3ADC1FBA1CBD00DD02AF /* Assets.xcassets */; };
		4C2C3AE01FBA1CBD00DD02AF /* LaunchScreen.storyboard in Resources */ = {isa = PBXBuildFile; fileRef = 4C2C3ADE1FBA1CBD00DD02AF /* LaunchScreen.storyboard */; };
		4C2C3AEB1FBA1CBD00DD02AF /* AirPark_For_HostTests.swift in Sources */ = {isa = PBXBuildFile; fileRef = 4C2C3AEA1FBA1CBD00DD02AF /* AirPark_For_HostTests.swift */; };
		4C2C3AF61FBA1CBD00DD02AF /* AirPark_For_HostUITests.swift in Sources */ = {isa = PBXBuildFile; fileRef = 4C2C3AF51FBA1CBD00DD02AF /* AirPark_For_HostUITests.swift */; };
		4C2C3B0E1FBA2B1B00DD02AF /* SignInVC.swift in Sources */ = {isa = PBXBuildFile; fileRef = 4C2C3B0D1FBA2B1B00DD02AF /* SignInVC.swift */; };
/* End PBXBuildFile section */

/* Begin PBXContainerItemProxy section */
		4C2C3AE71FBA1CBD00DD02AF /* PBXContainerItemProxy */ = {
			isa = PBXContainerItemProxy;
			containerPortal = 4C2C3ACA1FBA1CBD00DD02AF /* Project object */;
			proxyType = 1;
			remoteGlobalIDString = 4C2C3AD11FBA1CBD00DD02AF;
			remoteInfo = "AirPark For Host";
		};
		4C2C3AF21FBA1CBD00DD02AF /* PBXContainerItemProxy */ = {
			isa = PBXContainerItemProxy;
			containerPortal = 4C2C3ACA1FBA1CBD00DD02AF /* Project object */;
			proxyType = 1;
			remoteGlobalIDString = 4C2C3AD11FBA1CBD00DD02AF;
			remoteInfo = "AirPark For Host";
		};
/* End PBXContainerItemProxy section */

/* Begin PBXFileReference section */
		4C2C3AD21FBA1CBD00DD02AF /* AirPark For Host.app */ = {isa = PBXFileReference; explicitFileType = wrapper.application; includeInIndex = 0; path = "AirPark For Host.app"; sourceTree = BUILT_PRODUCTS_DIR; };
		4C2C3AD51FBA1CBD00DD02AF /* AppDelegate.swift */ = {isa = PBXFileReference; lastKnownFileType = sourcecode.swift; path = AppDelegate.swift; sourceTree = "<group>"; };
		4C2C3ADA1FBA1CBD00DD02AF /* Base */ = {isa = PBXFileReference; lastKnownFileType = file.storyboard; name = Base; path = Base.lproj/Main.storyboard; sourceTree = "<group>"; };
		4C2C3ADC1FBA1CBD00DD02AF /* Assets.xcassets */ = {isa = PBXFileReference; lastKnownFileType = folder.assetcatalog; path = Assets.xcassets; sourceTree = "<group>"; };
		4C2C3ADF1FBA1CBD00DD02AF /* Base */ = {isa = PBXFileReference; lastKnownFileType = file.storyboard; name = Base; path = Base.lproj/LaunchScreen.storyboard; sourceTree = "<group>"; };
		4C2C3AE11FBA1CBD00DD02AF /* Info.plist */ = {isa = PBXFileReference; lastKnownFileType = text.plist.xml; path = Info.plist; sourceTree = "<group>"; };
		4C2C3AE61FBA1CBD00DD02AF /* AirPark For HostTests.xctest */ = {isa = PBXFileReference; explicitFileType = wrapper.cfbundle; includeInIndex = 0; path = "AirPark For HostTests.xctest"; sourceTree = BUILT_PRODUCTS_DIR; };
		4C2C3AEA1FBA1CBD00DD02AF /* AirPark_For_HostTests.swift */ = {isa = PBXFileReference; lastKnownFileType = sourcecode.swift; path = AirPark_For_HostTests.swift; sourceTree = "<group>"; };
		4C2C3AEC1FBA1CBD00DD02AF /* Info.plist */ = {isa = PBXFileReference; lastKnownFileType = text.plist.xml; path = Info.plist; sourceTree = "<group>"; };
		4C2C3AF11FBA1CBD00DD02AF /* AirPark For HostUITests.xctest */ = {isa = PBXFileReference; explicitFileType = wrapper.cfbundle; includeInIndex = 0; path = "AirPark For HostUITests.xctest"; sourceTree = BUILT_PRODUCTS_DIR; };
		4C2C3AF51FBA1CBD00DD02AF /* AirPark_For_HostUITests.swift */ = {isa = PBXFileReference; lastKnownFileType = sourcecode.swift; path = AirPark_For_HostUITests.swift; sourceTree = "<group>"; };
		4C2C3AF71FBA1CBD00DD02AF /* Info.plist */ = {isa = PBXFileReference; lastKnownFileType = text.plist.xml; path = Info.plist; sourceTree = "<group>"; };
		4C2C3B0D1FBA2B1B00DD02AF /* SignInVC.swift */ = {isa = PBXFileReference; lastKnownFileType = sourcecode.swift; path = SignInVC.swift; sourceTree = "<group>"; };
/* End PBXFileReference section */

/* Begin PBXFrameworksBuildPhase section */
		4C2C3ACF1FBA1CBD00DD02AF /* Frameworks */ = {
			isa = PBXFrameworksBuildPhase;
			buildActionMask = 2147483647;
			files = (
			);
			runOnlyForDeploymentPostprocessing = 0;
		};
		4C2C3AE31FBA1CBD00DD02AF /* Frameworks */ = {
			isa = PBXFrameworksBuildPhase;
			buildActionMask = 2147483647;
			files = (
			);
			runOnlyForDeploymentPostprocessing = 0;
		};
		4C2C3AEE1FBA1CBD00DD02AF /* Frameworks */ = {
			isa = PBXFrameworksBuildPhase;
			buildActionMask = 2147483647;
			files = (
			);
			runOnlyForDeploymentPostprocessing = 0;
		};
/* End PBXFrameworksBuildPhase section */

/* Begin PBXGroup section */
		4C2C3AC91FBA1CBD00DD02AF = {
			isa = PBXGroup;
			children = (
				4C2C3B0C1FBA2AE100DD02AF /* Controller */,
				4C2C3B0B1FBA2AD800DD02AF /* View */,
				4C2C3B0A1FBA2AD300DD02AF /* Model */,
				4C2C3AD41FBA1CBD00DD02AF /* AirPark For Host */,
				4C2C3AE91FBA1CBD00DD02AF /* AirPark For HostTests */,
				4C2C3AF41FBA1CBD00DD02AF /* AirPark For HostUITests */,
				4C2C3AD31FBA1CBD00DD02AF /* Products */,
			);
			sourceTree = "<group>";
		};
		4C2C3AD31FBA1CBD00DD02AF /* Products */ = {
			isa = PBXGroup;
			children = (
				4C2C3AD21FBA1CBD00DD02AF /* AirPark For Host.app */,
				4C2C3AE61FBA1CBD00DD02AF /* AirPark For HostTests.xctest */,
				4C2C3AF11FBA1CBD00DD02AF /* AirPark For HostUITests.xctest */,
			);
			name = Products;
			sourceTree = "<group>";
		};
		4C2C3AD41FBA1CBD00DD02AF /* AirPark For Host */ = {
			isa = PBXGroup;
			children = (
				4C2C3AD51FBA1CBD00DD02AF /* AppDelegate.swift */,
				4C2C3AD91FBA1CBD00DD02AF /* Main.storyboard */,
				4C2C3ADC1FBA1CBD00DD02AF /* Assets.xcassets */,
				4C2C3ADE1FBA1CBD00DD02AF /* LaunchScreen.storyboard */,
				4C2C3AE11FBA1CBD00DD02AF /* Info.plist */,
			);
			path = "AirPark For Host";
			sourceTree = "<group>";
		};
		4C2C3AE91FBA1CBD00DD02AF /* AirPark For HostTests */ = {
			isa = PBXGroup;
			children = (
				4C2C3AEA1FBA1CBD00DD02AF /* AirPark_For_HostTests.swift */,
				4C2C3AEC1FBA1CBD00DD02AF /* Info.plist */,
			);
			path = "AirPark For HostTests";
			sourceTree = "<group>";
		};
		4C2C3AF41FBA1CBD00DD02AF /* AirPark For HostUITests */ = {
			isa = PBXGroup;
			children = (
				4C2C3AF51FBA1CBD00DD02AF /* AirPark_For_HostUITests.swift */,
				4C2C3AF71FBA1CBD00DD02AF /* Info.plist */,
			);
			path = "AirPark For HostUITests";
			sourceTree = "<group>";
		};
		4C2C3B0A1FBA2AD300DD02AF /* Model */ = {
			isa = PBXGroup;
			children = (
			);
			path = Model;
			sourceTree = "<group>";
		};
		4C2C3B0B1FBA2AD800DD02AF /* View */ = {
			isa = PBXGroup;
			children = (
			);
			path = View;
			sourceTree = "<group>";
		};
		4C2C3B0C1FBA2AE100DD02AF /* Controller */ = {
			isa = PBXGroup;
			children = (
				4C2C3B0D1FBA2B1B00DD02AF /* SignInVC.swift */,
			);
			path = Controller;
			sourceTree = "<group>";
		};
/* End PBXGroup section */

/* Begin PBXNativeTarget section */
		4C2C3AD11FBA1CBD00DD02AF /* AirPark For Host */ = {
			isa = PBXNativeTarget;
			buildConfigurationList = 4C2C3AFA1FBA1CBD00DD02AF /* Build configuration list for PBXNativeTarget "AirPark For Host" */;
			buildPhases = (
				4C2C3ACE1FBA1CBD00DD02AF /* Sources */,
				4C2C3ACF1FBA1CBD00DD02AF /* Frameworks */,
				4C2C3AD01FBA1CBD00DD02AF /* Resources */,
			);
			buildRules = (
			);
			dependencies = (
			);
			name = "AirPark For Host";
			productName = "AirPark For Host";
			productReference = 4C2C3AD21FBA1CBD00DD02AF /* AirPark For Host.app */;
			productType = "com.apple.product-type.application";
		};
		4C2C3AE51FBA1CBD00DD02AF /* AirPark For HostTests */ = {
			isa = PBXNativeTarget;
			buildConfigurationList = 4C2C3AFD1FBA1CBD00DD02AF /* Build configuration list for PBXNativeTarget "AirPark For HostTests" */;
			buildPhases = (
				4C2C3AE21FBA1CBD00DD02AF /* Sources */,
				4C2C3AE31FBA1CBD00DD02AF /* Frameworks */,
				4C2C3AE41FBA1CBD00DD02AF /* Resources */,
			);
			buildRules = (
			);
			dependencies = (
				4C2C3AE81FBA1CBD00DD02AF /* PBXTargetDependency */,
			);
			name = "AirPark For HostTests";
			productName = "AirPark For HostTests";
			productReference = 4C2C3AE61FBA1CBD00DD02AF /* AirPark For HostTests.xctest */;
			productType = "com.apple.product-type.bundle.unit-test";
		};
		4C2C3AF01FBA1CBD00DD02AF /* AirPark For HostUITests */ = {
			isa = PBXNativeTarget;
			buildConfigurationList = 4C2C3B001FBA1CBD00DD02AF /* Build configuration list for PBXNativeTarget "AirPark For HostUITests" */;
			buildPhases = (
				4C2C3AED1FBA1CBD00DD02AF /* Sources */,
				4C2C3AEE1FBA1CBD00DD02AF /* Frameworks */,
				4C2C3AEF1FBA1CBD00DD02AF /* Resources */,
			);
			buildRules = (
			);
			dependencies = (
				4C2C3AF31FBA1CBD00DD02AF /* PBXTargetDependency */,
			);
			name = "AirPark For HostUITests";
			productName = "AirPark For HostUITests";
			productReference = 4C2C3AF11FBA1CBD00DD02AF /* AirPark For HostUITests.xctest */;
			productType = "com.apple.product-type.bundle.ui-testing";
		};
/* End PBXNativeTarget section */

/* Begin PBXProject section */
		4C2C3ACA1FBA1CBD00DD02AF /* Project object */ = {
			isa = PBXProject;
			attributes = {
				LastSwiftUpdateCheck = 0900;
				LastUpgradeCheck = 0900;
				ORGANIZATIONNAME = "Sitthisack, Kim";
				TargetAttributes = {
					4C2C3AD11FBA1CBD00DD02AF = {
						CreatedOnToolsVersion = 9.0;
						ProvisioningStyle = Automatic;
					};
					4C2C3AE51FBA1CBD00DD02AF = {
						CreatedOnToolsVersion = 9.0;
						ProvisioningStyle = Automatic;
						TestTargetID = 4C2C3AD11FBA1CBD00DD02AF;
					};
					4C2C3AF01FBA1CBD00DD02AF = {
						CreatedOnToolsVersion = 9.0;
						ProvisioningStyle = Automatic;
						TestTargetID = 4C2C3AD11FBA1CBD00DD02AF;
					};
				};
			};
			buildConfigurationList = 4C2C3ACD1FBA1CBD00DD02AF /* Build configuration list for PBXProject "AirPark For Host" */;
			compatibilityVersion = "Xcode 8.0";
			developmentRegion = en;
			hasScannedForEncodings = 0;
			knownRegions = (
				en,
				Base,
			);
			mainGroup = 4C2C3AC91FBA1CBD00DD02AF;
			productRefGroup = 4C2C3AD31FBA1CBD00DD02AF /* Products */;
			projectDirPath = "";
			projectRoot = "";
			targets = (
				4C2C3AD11FBA1CBD00DD02AF /* AirPark For Host */,
				4C2C3AE51FBA1CBD00DD02AF /* AirPark For HostTests */,
				4C2C3AF01FBA1CBD00DD02AF /* AirPark For HostUITests */,
			);
		};
/* End PBXProject section */

/* Begin PBXResourcesBuildPhase section */
		4C2C3AD01FBA1CBD00DD02AF /* Resources */ = {
			isa = PBXResourcesBuildPhase;
			buildActionMask = 2147483647;
			files = (
				4C2C3AE01FBA1CBD00DD02AF /* LaunchScreen.storyboard in Resources */,
				4C2C3ADD1FBA1CBD00DD02AF /* Assets.xcassets in Resources */,
				4C2C3ADB1FBA1CBD00DD02AF /* Main.storyboard in Resources */,
			);
			runOnlyForDeploymentPostprocessing = 0;
		};
		4C2C3AE41FBA1CBD00DD02AF /* Resources */ = {
			isa = PBXResourcesBuildPhase;
			buildActionMask = 2147483647;
			files = (
			);
			runOnlyForDeploymentPostprocessing = 0;
		};
		4C2C3AEF1FBA1CBD00DD02AF /* Resources */ = {
			isa = PBXResourcesBuildPhase;
			buildActionMask = 2147483647;
			files = (
			);
			runOnlyForDeploymentPostprocessing = 0;
		};
/* End PBXResourcesBuildPhase section */

/* Begin PBXSourcesBuildPhase section */
		4C2C3ACE1FBA1CBD00DD02AF /* Sources */ = {
			isa = PBXSourcesBuildPhase;
			buildActionMask = 2147483647;
			files = (
				4C2C3B0E1FBA2B1B00DD02AF /* SignInVC.swift in Sources */,
				4C2C3AD61FBA1CBD00DD02AF /* AppDelegate.swift in Sources */,
			);
			runOnlyForDeploymentPostprocessing = 0;
		};
		4C2C3AE21FBA1CBD00DD02AF /* Sources */ = {
			isa = PBXSourcesBuildPhase;
			buildActionMask = 2147483647;
			files = (
				4C2C3AEB1FBA1CBD00DD02AF /* AirPark_For_HostTests.swift in Sources */,
			);
			runOnlyForDeploymentPostprocessing = 0;
		};
		4C2C3AED1FBA1CBD00DD02AF /* Sources */ = {
			isa = PBXSourcesBuildPhase;
			buildActionMask = 2147483647;
			files = (
				4C2C3AF61FBA1CBD00DD02AF /* AirPark_For_HostUITests.swift in Sources */,
			);
			runOnlyForDeploymentPostprocessing = 0;
		};
/* End PBXSourcesBuildPhase section */

/* Begin PBXTargetDependency section */
		4C2C3AE81FBA1CBD00DD02AF /* PBXTargetDependency */ = {
			isa = PBXTargetDependency;
			target = 4C2C3AD11FBA1CBD00DD02AF /* AirPark For Host */;
			targetProxy = 4C2C3AE71FBA1CBD00DD02AF /* PBXContainerItemProxy */;
		};
		4C2C3AF31FBA1CBD00DD02AF /* PBXTargetDependency */ = {
			isa = PBXTargetDependency;
			target = 4C2C3AD11FBA1CBD00DD02AF /* AirPark For Host */;
			targetProxy = 4C2C3AF21FBA1CBD00DD02AF /* PBXContainerItemProxy */;
		};
/* End PBXTargetDependency section */

/* Begin PBXVariantGroup section */
		4C2C3AD91FBA1CBD00DD02AF /* Main.storyboard */ = {
			isa = PBXVariantGroup;
			children = (
				4C2C3ADA1FBA1CBD00DD02AF /* Base */,
			);
			name = Main.storyboard;
			sourceTree = "<group>";
		};
		4C2C3ADE1FBA1CBD00DD02AF /* LaunchScreen.storyboard */ = {
			isa = PBXVariantGroup;
			children = (
				4C2C3ADF1FBA1CBD00DD02AF /* Base */,
			);
			name = LaunchScreen.storyboard;
			sourceTree = "<group>";
		};
/* End PBXVariantGroup section */

/* Begin XCBuildConfiguration section */
		4C2C3AF81FBA1CBD00DD02AF /* Debug */ = {
			isa = XCBuildConfiguration;
			buildSettings = {
				ALWAYS_SEARCH_USER_PATHS = NO;
				CLANG_ANALYZER_NONNULL = YES;
				CLANG_ANALYZER_NUMBER_OBJECT_CONVERSION = YES_AGGRESSIVE;
				CLANG_CXX_LANGUAGE_STANDARD = "gnu++14";
				CLANG_CXX_LIBRARY = "libc++";
				CLANG_ENABLE_MODULES = YES;
				CLANG_ENABLE_OBJC_ARC = YES;
				CLANG_WARN_BLOCK_CAPTURE_AUTORELEASING = YES;
				CLANG_WARN_BOOL_CONVERSION = YES;
				CLANG_WARN_COMMA = YES;
				CLANG_WARN_CONSTANT_CONVERSION = YES;
				CLANG_WARN_DIRECT_OBJC_ISA_USAGE = YES_ERROR;
				CLANG_WARN_DOCUMENTATION_COMMENTS = YES;
				CLANG_WARN_EMPTY_BODY = YES;
				CLANG_WARN_ENUM_CONVERSION = YES;
				CLANG_WARN_INFINITE_RECURSION = YES;
				CLANG_WARN_INT_CONVERSION = YES;
				CLANG_WARN_NON_LITERAL_NULL_CONVERSION = YES;
				CLANG_WARN_OBJC_LITERAL_CONVERSION = YES;
				CLANG_WARN_OBJC_ROOT_CLASS = YES_ERROR;
				CLANG_WARN_RANGE_LOOP_ANALYSIS = YES;
				CLANG_WARN_STRICT_PROTOTYPES = YES;
				CLANG_WARN_SUSPICIOUS_MOVE = YES;
				CLANG_WARN_UNGUARDED_AVAILABILITY = YES_AGGRESSIVE;
				CLANG_WARN_UNREACHABLE_CODE = YES;
				CLANG_WARN__DUPLICATE_METHOD_MATCH = YES;
				CODE_SIGN_IDENTITY = "iPhone Developer";
				COPY_PHASE_STRIP = NO;
				DEBUG_INFORMATION_FORMAT = dwarf;
				ENABLE_STRICT_OBJC_MSGSEND = YES;
				ENABLE_TESTABILITY = YES;
				GCC_C_LANGUAGE_STANDARD = gnu11;
				GCC_DYNAMIC_NO_PIC = NO;
				GCC_NO_COMMON_BLOCKS = YES;
				GCC_OPTIMIZATION_LEVEL = 0;
				GCC_PREPROCESSOR_DEFINITIONS = (
					"DEBUG=1",
					"$(inherited)",
				);
				GCC_WARN_64_TO_32_BIT_CONVERSION = YES;
				GCC_WARN_ABOUT_RETURN_TYPE = YES_ERROR;
				GCC_WARN_UNDECLARED_SELECTOR = YES;
				GCC_WARN_UNINITIALIZED_AUTOS = YES_AGGRESSIVE;
				GCC_WARN_UNUSED_FUNCTION = YES;
				GCC_WARN_UNUSED_VARIABLE = YES;
				IPHONEOS_DEPLOYMENT_TARGET = 11.0;
				MTL_ENABLE_DEBUG_INFO = YES;
				ONLY_ACTIVE_ARCH = YES;
				SDKROOT = iphoneos;
				SWIFT_ACTIVE_COMPILATION_CONDITIONS = DEBUG;
				SWIFT_OPTIMIZATION_LEVEL = "-Onone";
			};
			name = Debug;
		};
		4C2C3AF91FBA1CBD00DD02AF /* Release */ = {
			isa = XCBuildConfiguration;
			buildSettings = {
				ALWAYS_SEARCH_USER_PATHS = NO;
				CLANG_ANALYZER_NONNULL = YES;
				CLANG_ANALYZER_NUMBER_OBJECT_CONVERSION = YES_AGGRESSIVE;
				CLANG_CXX_LANGUAGE_STANDARD = "gnu++14";
				CLANG_CXX_LIBRARY = "libc++";
				CLANG_ENABLE_MODULES = YES;
				CLANG_ENABLE_OBJC_ARC = YES;
				CLANG_WARN_BLOCK_CAPTURE_AUTORELEASING = YES;
				CLANG_WARN_BOOL_CONVERSION = YES;
				CLANG_WARN_COMMA = YES;
				CLANG_WARN_CONSTANT_CONVERSION = YES;
				CLANG_WARN_DIRECT_OBJC_ISA_USAGE = YES_ERROR;
				CLANG_WARN_DOCUMENTATION_COMMENTS = YES;
				CLANG_WARN_EMPTY_BODY = YES;
				CLANG_WARN_ENUM_CONVERSION = YES;
				CLANG_WARN_INFINITE_RECURSION = YES;
				CLANG_WARN_INT_CONVERSION = YES;
				CLANG_WARN_NON_LITERAL_NULL_CONVERSION = YES;
				CLANG_WARN_OBJC_LITERAL_CONVERSION = YES;
				CLANG_WARN_OBJC_ROOT_CLASS = YES_ERROR;
				CLANG_WARN_RANGE_LOOP_ANALYSIS = YES;
				CLANG_WARN_STRICT_PROTOTYPES = YES;
				CLANG_WARN_SUSPICIOUS_MOVE = YES;
				CLANG_WARN_UNGUARDED_AVAILABILITY = YES_AGGRESSIVE;
				CLANG_WARN_UNREACHABLE_CODE = YES;
				CLANG_WARN__DUPLICATE_METHOD_MATCH = YES;
				CODE_SIGN_IDENTITY = "iPhone Developer";
				COPY_PHASE_STRIP = NO;
				DEBUG_INFORMATION_FORMAT = "dwarf-with-dsym";
				ENABLE_NS_ASSERTIONS = NO;
				ENABLE_STRICT_OBJC_MSGSEND = YES;
				GCC_C_LANGUAGE_STANDARD = gnu11;
				GCC_NO_COMMON_BLOCKS = YES;
				GCC_WARN_64_TO_32_BIT_CONVERSION = YES;
				GCC_WARN_ABOUT_RETURN_TYPE = YES_ERROR;
				GCC_WARN_UNDECLARED_SELECTOR = YES;
				GCC_WARN_UNINITIALIZED_AUTOS = YES_AGGRESSIVE;
				GCC_WARN_UNUSED_FUNCTION = YES;
				GCC_WARN_UNUSED_VARIABLE = YES;
				IPHONEOS_DEPLOYMENT_TARGET = 11.0;
				MTL_ENABLE_DEBUG_INFO = NO;
				SDKROOT = iphoneos;
				SWIFT_OPTIMIZATION_LEVEL = "-Owholemodule";
				VALIDATE_PRODUCT = YES;
			};
			name = Release;
		};
		4C2C3AFB1FBA1CBD00DD02AF /* Debug */ = {
			isa = XCBuildConfiguration;
			buildSettings = {
				ASSETCATALOG_COMPILER_APPICON_NAME = AppIcon;
				CODE_SIGN_STYLE = Automatic;
				INFOPLIST_FILE = "AirPark For Host/Info.plist";
				LD_RUNPATH_SEARCH_PATHS = "$(inherited) @executable_path/Frameworks";
				PRODUCT_BUNDLE_IDENTIFIER = "AirPark.AirPark-For-Host";
				PRODUCT_NAME = "$(TARGET_NAME)";
				SWIFT_VERSION = 4.0;
				TARGETED_DEVICE_FAMILY = "1,2";
			};
			name = Debug;
		};
		4C2C3AFC1FBA1CBD00DD02AF /* Release */ = {
			isa = XCBuildConfiguration;
			buildSettings = {
				ASSETCATALOG_COMPILER_APPICON_NAME = AppIcon;
				CODE_SIGN_STYLE = Automatic;
				INFOPLIST_FILE = "AirPark For Host/Info.plist";
				LD_RUNPATH_SEARCH_PATHS = "$(inherited) @executable_path/Frameworks";
				PRODUCT_BUNDLE_IDENTIFIER = "AirPark.AirPark-For-Host";
				PRODUCT_NAME = "$(TARGET_NAME)";
				SWIFT_VERSION = 4.0;
				TARGETED_DEVICE_FAMILY = "1,2";
			};
			name = Release;
		};
		4C2C3AFE1FBA1CBD00DD02AF /* Debug */ = {
			isa = XCBuildConfiguration;
			buildSettings = {
				ALWAYS_EMBED_SWIFT_STANDARD_LIBRARIES = YES;
				BUNDLE_LOADER = "$(TEST_HOST)";
				CODE_SIGN_STYLE = Automatic;
				INFOPLIST_FILE = "AirPark For HostTests/Info.plist";
				LD_RUNPATH_SEARCH_PATHS = "$(inherited) @executable_path/Frameworks @loader_path/Frameworks";
				PRODUCT_BUNDLE_IDENTIFIER = "AirPark.AirPark-For-HostTests";
				PRODUCT_NAME = "$(TARGET_NAME)";
				SWIFT_VERSION = 4.0;
				TARGETED_DEVICE_FAMILY = "1,2";
				TEST_HOST = "$(BUILT_PRODUCTS_DIR)/AirPark For Host.app/AirPark For Host";
			};
			name = Debug;
		};
		4C2C3AFF1FBA1CBD00DD02AF /* Release */ = {
			isa = XCBuildConfiguration;
			buildSettings = {
				ALWAYS_EMBED_SWIFT_STANDARD_LIBRARIES = YES;
				BUNDLE_LOADER = "$(TEST_HOST)";
				CODE_SIGN_STYLE = Automatic;
				INFOPLIST_FILE = "AirPark For HostTests/Info.plist";
				LD_RUNPATH_SEARCH_PATHS = "$(inherited) @executable_path/Frameworks @loader_path/Frameworks";
				PRODUCT_BUNDLE_IDENTIFIER = "AirPark.AirPark-For-HostTests";
				PRODUCT_NAME = "$(TARGET_NAME)";
				SWIFT_VERSION = 4.0;
				TARGETED_DEVICE_FAMILY = "1,2";
				TEST_HOST = "$(BUILT_PRODUCTS_DIR)/AirPark For Host.app/AirPark For Host";
			};
			name = Release;
		};
		4C2C3B011FBA1CBD00DD02AF /* Debug */ = {
			isa = XCBuildConfiguration;
			buildSettings = {
				ALWAYS_EMBED_SWIFT_STANDARD_LIBRARIES = YES;
				CODE_SIGN_STYLE = Automatic;
				INFOPLIST_FILE = "AirPark For HostUITests/Info.plist";
				LD_RUNPATH_SEARCH_PATHS = "$(inherited) @executable_path/Frameworks @loader_path/Frameworks";
				PRODUCT_BUNDLE_IDENTIFIER = "AirPark.AirPark-For-HostUITests";
				PRODUCT_NAME = "$(TARGET_NAME)";
				SWIFT_VERSION = 4.0;
				TARGETED_DEVICE_FAMILY = "1,2";
				TEST_TARGET_NAME = "AirPark For Host";
			};
			name = Debug;
		};
		4C2C3B021FBA1CBD00DD02AF /* Release */ = {
			isa = XCBuildConfiguration;
			buildSettings = {
				ALWAYS_EMBED_SWIFT_STANDARD_LIBRARIES = YES;
				CODE_SIGN_STYLE = Automatic;
				INFOPLIST_FILE = "AirPark For HostUITests/Info.plist";
				LD_RUNPATH_SEARCH_PATHS = "$(inherited) @executable_path/Frameworks @loader_path/Frameworks";
				PRODUCT_BUNDLE_IDENTIFIER = "AirPark.AirPark-For-HostUITests";
				PRODUCT_NAME = "$(TARGET_NAME)";
				SWIFT_VERSION = 4.0;
				TARGETED_DEVICE_FAMILY = "1,2";
				TEST_TARGET_NAME = "AirPark For Host";
			};
			name = Release;
		};
/* End XCBuildConfiguration section */

/* Begin XCConfigurationList section */
		4C2C3ACD1FBA1CBD00DD02AF /* Build configuration list for PBXProject "AirPark For Host" */ = {
			isa = XCConfigurationList;
			buildConfigurations = (
				4C2C3AF81FBA1CBD00DD02AF /* Debug */,
				4C2C3AF91FBA1CBD00DD02AF /* Release */,
			);
			defaultConfigurationIsVisible = 0;
			defaultConfigurationName = Release;
		};
		4C2C3AFA1FBA1CBD00DD02AF /* Build configuration list for PBXNativeTarget "AirPark For Host" */ = {
			isa = XCConfigurationList;
			buildConfigurations = (
				4C2C3AFB1FBA1CBD00DD02AF /* Debug */,
				4C2C3AFC1FBA1CBD00DD02AF /* Release */,
			);
			defaultConfigurationIsVisible = 0;
			defaultConfigurationName = Release;
		};
		4C2C3AFD1FBA1CBD00DD02AF /* Build configuration list for PBXNativeTarget "AirPark For HostTests" */ = {
			isa = XCConfigurationList;
			buildConfigurations = (
				4C2C3AFE1FBA1CBD00DD02AF /* Debug */,
				4C2C3AFF1FBA1CBD00DD02AF /* Release */,
			);
			defaultConfigurationIsVisible = 0;
			defaultConfigurationName = Release;
		};
		4C2C3B001FBA1CBD00DD02AF /* Build configuration list for PBXNativeTarget "AirPark For HostUITests" */ = {
			isa = XCConfigurationList;
			buildConfigurations = (
				4C2C3B011FBA1CBD00DD02AF /* Debug */,
				4C2C3B021FBA1CBD00DD02AF /* Release */,
			);
			defaultConfigurationIsVisible = 0;
			defaultConfigurationName = Release;
		};
/* End XCConfigurationList section */
	};
	rootObject = 4C2C3ACA1FBA1CBD00DD02AF /* Project object */;
}
